
Microsoft Visual Studio Solution File, Format Version 12.00
# Visual Studio Version 17
VisualStudioVersion = 17.4.33403.182
MinimumVisualStudioVersion = 10.0.40219.1
Project("{FAE04EC0-301F-11D3-BF4B-00C04F79EFBC}") = "Examen1.Android", "Examen1.Android\Examen1.Android.csproj", "{4F9D8999-3BA9-4292-9EAB-8B4726C1A2CF}"
EndProject
Project("{FAE04EC0-301F-11D3-BF4B-00C04F79EFBC}") = "Examen1", "Examen1\Examen1.csproj", "{EC24F646-6B5B-45EC-8279-6BE44724AAFC}"
EndProject
Global
	GlobalSection(SolutionConfigurationPlatforms) = preSolution
		Debug|Any CPU = Debug|Any CPU
		Release|Any CPU = Release|Any CPU
	EndGlobalSection
	GlobalSection(ProjectConfigurationPlatforms) = postSolution
		{4F9D8999-3BA9-4292-9EAB-8B4726C1A2CF}.Debug|Any CPU.ActiveCfg = Debug|Any CPU
		{4F9D8999-3BA9-4292-9EAB-8B4726C1A2CF}.Debug|Any CPU.Build.0 = Debug|Any CPU
		{4F9D8999-3BA9-4292-9EAB-8B4726C1A2CF}.Debug|Any CPU.Deploy.0 = Debug|Any CPU
		{4F9D8999-3BA9-4292-9EAB-8B4726C1A2CF}.Release|Any CPU.ActiveCfg = Release|Any CPU
		{4F9D8999-3BA9-4292-9EAB-8B4726C1A2CF}.Release|Any CPU.Build.0 = Release|Any CPU
		{4F9D8999-3BA9-4292-9EAB-8B4726C1A2CF}.Release|Any CPU.Deploy.0 = Release|Any CPU
		{EC24F646-6B5B-45EC-8279-6BE44724AAFC}.Debug|Any CPU.ActiveCfg = Debug|Any CPU
		{EC24F646-6B5B-45EC-8279-6BE44724AAFC}.Debug|Any CPU.Build.0 = Debug|Any CPU
		{EC24F646-6B5B-45EC-8279-6BE44724AAFC}.Debug|Any CPU.Deploy.0 = Debug|Any CPU
		{EC24F646-6B5B-45EC-8279-6BE44724AAFC}.Release|Any CPU.ActiveCfg = Release|Any CPU
		{EC24F646-6B5B-45EC-8279-6BE44724AAFC}.Release|Any CPU.Build.0 = Release|Any CPU
		{EC24F646-6B5B-45EC-8279-6BE44724AAFC}.Release|Any CPU.Deploy.0 = Release|Any CPU
	EndGlobalSection
	GlobalSection(SolutionProperties) = preSolution
		HideSolutionNode = FALSE
	EndGlobalSection
	GlobalSection(ExtensibilityGlobals) = postSolution
		SolutionGuid = {5195ABC9-B1F7-45D8-9448-CA269539E562}
	EndGlobalSection
EndGlobal
